
Microsoft Visual Studio Solution File, Format Version 12.00
Project("{FAE04EC0-301F-11D3-BF4B-00C04F79EFBC}") = "DesignPatterns.SingletonDemo", "DesignPatterns.SingletonDemo\DesignPatterns.SingletonDemo.csproj", "{C9680C87-FB37-4854-B062-76D91080BC57}"
EndProject
Project("{FAE04EC0-301F-11D3-BF4B-00C04F79EFBC}") = "DesignPatternsTests", "DesignPatternsTests\DesignPatternsTests.csproj", "{C1E2AF59-86C7-4552-B055-16DA56CB8FB7}"
EndProject
Global
	GlobalSection(SolutionConfigurationPlatforms) = preSolution
		Debug|Any CPU = Debug|Any CPU
		Release|Any CPU = Release|Any CPU
	EndGlobalSection
	GlobalSection(ProjectConfigurationPlatforms) = postSolution
		{C9680C87-FB37-4854-B062-76D91080BC57}.Debug|Any CPU.ActiveCfg = Debug|Any CPU
		{C9680C87-FB37-4854-B062-76D91080BC57}.Debug|Any CPU.Build.0 = Debug|Any CPU
		{C9680C87-FB37-4854-B062-76D91080BC57}.Release|Any CPU.ActiveCfg = Release|Any CPU
		{C9680C87-FB37-4854-B062-76D91080BC57}.Release|Any CPU.Build.0 = Release|Any CPU
		{C1E2AF59-86C7-4552-B055-16DA56CB8FB7}.Debug|Any CPU.ActiveCfg = Debug|Any CPU
		{C1E2AF59-86C7-4552-B055-16DA56CB8FB7}.Debug|Any CPU.Build.0 = Debug|Any CPU
		{C1E2AF59-86C7-4552-B055-16DA56CB8FB7}.Release|Any CPU.ActiveCfg = Release|Any CPU
		{C1E2AF59-86C7-4552-B055-16DA56CB8FB7}.Release|Any CPU.Build.0 = Release|Any CPU
	EndGlobalSection
EndGlobal
